Microsoft Visual Studio Solution File, Format Version 12.00
# Visual Studio 15
VisualStudioVersion = 15.0.28307.705
MinimumVisualStudioVersion = 10.0.40219.1
Project("{8BC9CEB8-8B4A-11D0-8D11-00A0C91BC942}") = "wsocksapi", "wsocksapi\wsocksapi.vcproj", "{80FADC43-E542-426C-97C6-F0B99D56852F}"
EndProject
Global
	GlobalSection(SolutionConfigurationPlatforms) = preSolution
		Static Debug|Default = Static Debug|Default
		Static Release|Default = Static Release|Default
	EndGlobalSection
	GlobalSection(ProjectConfigurationPlatforms) = postSolution
		{80FADC43-E542-426C-97C6-F0B99D56852F}.Static Debug|Default.ActiveCfg = Static Debug|Win32
		{80FADC43-E542-426C-97C6-F0B99D56852F}.Static Debug|Default.Build.0 = Static Debug|Win32
		{80FADC43-E542-426C-97C6-F0B99D56852F}.Static Release|Default.ActiveCfg = Static Release|Win32
		{80FADC43-E542-426C-97C6-F0B99D56852F}.Static Release|Default.Build.0 = Static Release|Win32
	EndGlobalSection
	GlobalSection(SolutionProperties) = preSolution
		HideSolutionNode = FALSE
	EndGlobalSection
	GlobalSection(ExtensibilityGlobals) = postSolution
		SolutionGuid = {0D6FA3DD-9CC3-4986-8703-E7EC860B6F3A}
	EndGlobalSection
EndGlobal
