
Microsoft Visual Studio Solution File, Format Version 12.00
# Visual Studio 15
VisualStudioVersion = 15.0.28307.705
MinimumVisualStudioVersion = 10.0.40219.1
Project("{8BC9CEB8-8B4A-11D0-8D11-00A0C91BC942}") = "vsctest3", "vsctest3\vsctest3.vcxproj", "{B7966F1A-7ABF-4385-97E4-FBAE61211A59}"
	ProjectSection(ProjectDependencies) = postProject
		{9BD47FA5-20F2-4924-8CFD-39CBFA43E050} = {9BD47FA5-20F2-4924-8CFD-39CBFA43E050}
	EndProjectSection
EndProject
Project("{8BC9CEB8-8B4A-11D0-8D11-00A0C91BC942}") = "ViewServerProto", "ViewServerProto\ViewServerProto.vcxproj", "{9BD47FA5-20F2-4924-8CFD-39CBFA43E050}"
	ProjectSection(ProjectDependencies) = postProject
		{5FB08F42-FB4A-4991-8249-7B59F7275293} = {5FB08F42-FB4A-4991-8249-7B59F7275293}
	EndProjectSection
EndProject
Project("{8BC9CEB8-8B4A-11D0-8D11-00A0C91BC942}") = "wsocksapi", "wsocksapi\wsocksapi.vcxproj", "{80FADC43-E542-426C-97C6-F0B99D56852F}"
EndProject
Project("{8BC9CEB8-8B4A-11D0-8D11-00A0C91BC942}") = "wsockshost", "wsockshost\wsockshost.vcxproj", "{5FB08F42-FB4A-4991-8249-7B59F7275293}"
	ProjectSection(ProjectDependencies) = postProject
		{16410118-6B72-4FFE-87AA-FAED452732AC} = {16410118-6B72-4FFE-87AA-FAED452732AC}
		{80FADC43-E542-426C-97C6-F0B99D56852F} = {80FADC43-E542-426C-97C6-F0B99D56852F}
	EndProjectSection
EndProject
Project("{8BC9CEB8-8B4A-11D0-8D11-00A0C91BC942}") = "smdlgapi", "smdlgapi\smdlgapi.vcxproj", "{16410118-6B72-4FFE-87AA-FAED452732AC}"
EndProject
Global
	GlobalSection(SolutionConfigurationPlatforms) = preSolution
		Debug|Win32 = Debug|Win32
		Debug|x64 = Debug|x64
		Debug|x86 = Debug|x86
		Release|Win32 = Release|Win32
		Release|x64 = Release|x64
		Release|x86 = Release|x86
		Static Debug|Win32 = Static Debug|Win32
		Static Debug|x64 = Static Debug|x64
		Static Debug|x86 = Static Debug|x86
		Static Release|Win32 = Static Release|Win32
		Static Release|x64 = Static Release|x64
		Static Release|x86 = Static Release|x86
		Thunk Debug|Win32 = Thunk Debug|Win32
		Thunk Debug|x64 = Thunk Debug|x64
		Thunk Debug|x86 = Thunk Debug|x86
		Thunk Release|Win32 = Thunk Release|Win32
		Thunk Release|x64 = Thunk Release|x64
		Thunk Release|x86 = Thunk Release|x86
	EndGlobalSection
	GlobalSection(ProjectConfigurationPlatforms) = postSolution
		{B7966F1A-7ABF-4385-97E4-FBAE61211A59}.Debug|Win32.ActiveCfg = Debug|Win32
		{B7966F1A-7ABF-4385-97E4-FBAE61211A59}.Debug|Win32.Build.0 = Debug|Win32
		{B7966F1A-7ABF-4385-97E4-FBAE61211A59}.Debug|x64.ActiveCfg = Debug|Win32
		{B7966F1A-7ABF-4385-97E4-FBAE61211A59}.Debug|x86.ActiveCfg = Debug|Win32
		{B7966F1A-7ABF-4385-97E4-FBAE61211A59}.Debug|x86.Build.0 = Debug|Win32
		{B7966F1A-7ABF-4385-97E4-FBAE61211A59}.Release|Win32.ActiveCfg = Release|Win32
		{B7966F1A-7ABF-4385-97E4-FBAE61211A59}.Release|Win32.Build.0 = Release|Win32
		{B7966F1A-7ABF-4385-97E4-FBAE61211A59}.Release|x64.ActiveCfg = Release|Win32
		{B7966F1A-7ABF-4385-97E4-FBAE61211A59}.Release|x86.ActiveCfg = Release|Win32
		{B7966F1A-7ABF-4385-97E4-FBAE61211A59}.Release|x86.Build.0 = Release|Win32
		{B7966F1A-7ABF-4385-97E4-FBAE61211A59}.Static Debug|Win32.ActiveCfg = Debug|Win32
		{B7966F1A-7ABF-4385-97E4-FBAE61211A59}.Static Debug|Win32.Build.0 = Debug|Win32
		{B7966F1A-7ABF-4385-97E4-FBAE61211A59}.Static Debug|x64.ActiveCfg = Release|Win32
		{B7966F1A-7ABF-4385-97E4-FBAE61211A59}.Static Debug|x64.Build.0 = Release|Win32
		{B7966F1A-7ABF-4385-97E4-FBAE61211A59}.Static Debug|x86.ActiveCfg = Debug|Win32
		{B7966F1A-7ABF-4385-97E4-FBAE61211A59}.Static Debug|x86.Build.0 = Debug|Win32
		{B7966F1A-7ABF-4385-97E4-FBAE61211A59}.Static Release|Win32.ActiveCfg = Release|Win32
		{B7966F1A-7ABF-4385-97E4-FBAE61211A59}.Static Release|Win32.Build.0 = Release|Win32
		{B7966F1A-7ABF-4385-97E4-FBAE61211A59}.Static Release|x64.ActiveCfg = Release|Win32
		{B7966F1A-7ABF-4385-97E4-FBAE61211A59}.Static Release|x64.Build.0 = Release|Win32
		{B7966F1A-7ABF-4385-97E4-FBAE61211A59}.Static Release|x86.ActiveCfg = Release|Win32
		{B7966F1A-7ABF-4385-97E4-FBAE61211A59}.Static Release|x86.Build.0 = Release|Win32
		{B7966F1A-7ABF-4385-97E4-FBAE61211A59}.Thunk Debug|Win32.ActiveCfg = Debug|Win32
		{B7966F1A-7ABF-4385-97E4-FBAE61211A59}.Thunk Debug|Win32.Build.0 = Debug|Win32
		{B7966F1A-7ABF-4385-97E4-FBAE61211A59}.Thunk Debug|x64.ActiveCfg = Release|Win32
		{B7966F1A-7ABF-4385-97E4-FBAE61211A59}.Thunk Debug|x64.Build.0 = Release|Win32
		{B7966F1A-7ABF-4385-97E4-FBAE61211A59}.Thunk Debug|x86.ActiveCfg = Debug|Win32
		{B7966F1A-7ABF-4385-97E4-FBAE61211A59}.Thunk Debug|x86.Build.0 = Debug|Win32
		{B7966F1A-7ABF-4385-97E4-FBAE61211A59}.Thunk Release|Win32.ActiveCfg = Release|Win32
		{B7966F1A-7ABF-4385-97E4-FBAE61211A59}.Thunk Release|Win32.Build.0 = Release|Win32
		{B7966F1A-7ABF-4385-97E4-FBAE61211A59}.Thunk Release|x64.ActiveCfg = Release|Win32
		{B7966F1A-7ABF-4385-97E4-FBAE61211A59}.Thunk Release|x64.Build.0 = Release|Win32
		{B7966F1A-7ABF-4385-97E4-FBAE61211A59}.Thunk Release|x86.ActiveCfg = Release|Win32
		{B7966F1A-7ABF-4385-97E4-FBAE61211A59}.Thunk Release|x86.Build.0 = Release|Win32
		{9BD47FA5-20F2-4924-8CFD-39CBFA43E050}.Debug|Win32.ActiveCfg = Debug|Win32
		{9BD47FA5-20F2-4924-8CFD-39CBFA43E050}.Debug|Win32.Build.0 = Debug|Win32
		{9BD47FA5-20F2-4924-8CFD-39CBFA43E050}.Debug|x64.ActiveCfg = Debug|x64
		{9BD47FA5-20F2-4924-8CFD-39CBFA43E050}.Debug|x64.Build.0 = Debug|x64
		{9BD47FA5-20F2-4924-8CFD-39CBFA43E050}.Debug|x86.ActiveCfg = Debug|Win32
		{9BD47FA5-20F2-4924-8CFD-39CBFA43E050}.Debug|x86.Build.0 = Debug|Win32
		{9BD47FA5-20F2-4924-8CFD-39CBFA43E050}.Release|Win32.ActiveCfg = Release|Win32
		{9BD47FA5-20F2-4924-8CFD-39CBFA43E050}.Release|Win32.Build.0 = Release|Win32
		{9BD47FA5-20F2-4924-8CFD-39CBFA43E050}.Release|x64.ActiveCfg = Release|x64
		{9BD47FA5-20F2-4924-8CFD-39CBFA43E050}.Release|x64.Build.0 = Release|x64
		{9BD47FA5-20F2-4924-8CFD-39CBFA43E050}.Release|x86.ActiveCfg = Release|Win32
		{9BD47FA5-20F2-4924-8CFD-39CBFA43E050}.Release|x86.Build.0 = Release|Win32
		{9BD47FA5-20F2-4924-8CFD-39CBFA43E050}.Static Debug|Win32.ActiveCfg = Debug|Win32
		{9BD47FA5-20F2-4924-8CFD-39CBFA43E050}.Static Debug|Win32.Build.0 = Debug|Win32
		{9BD47FA5-20F2-4924-8CFD-39CBFA43E050}.Static Debug|x64.ActiveCfg = Debug|x64
		{9BD47FA5-20F2-4924-8CFD-39CBFA43E050}.Static Debug|x64.Build.0 = Debug|x64
		{9BD47FA5-20F2-4924-8CFD-39CBFA43E050}.Static Debug|x86.ActiveCfg = Debug|Win32
		{9BD47FA5-20F2-4924-8CFD-39CBFA43E050}.Static Debug|x86.Build.0 = Debug|Win32
		{9BD47FA5-20F2-4924-8CFD-39CBFA43E050}.Static Release|Win32.ActiveCfg = Release|Win32
		{9BD47FA5-20F2-4924-8CFD-39CBFA43E050}.Static Release|Win32.Build.0 = Release|Win32
		{9BD47FA5-20F2-4924-8CFD-39CBFA43E050}.Static Release|x64.ActiveCfg = Release|x64
		{9BD47FA5-20F2-4924-8CFD-39CBFA43E050}.Static Release|x64.Build.0 = Release|x64
		{9BD47FA5-20F2-4924-8CFD-39CBFA43E050}.Static Release|x86.ActiveCfg = Release|Win32
		{9BD47FA5-20F2-4924-8CFD-39CBFA43E050}.Static Release|x86.Build.0 = Release|Win32
		{9BD47FA5-20F2-4924-8CFD-39CBFA43E050}.Thunk Debug|Win32.ActiveCfg = Debug|Win32
		{9BD47FA5-20F2-4924-8CFD-39CBFA43E050}.Thunk Debug|Win32.Build.0 = Debug|Win32
		{9BD47FA5-20F2-4924-8CFD-39CBFA43E050}.Thunk Debug|x64.ActiveCfg = Debug|x64
		{9BD47FA5-20F2-4924-8CFD-39CBFA43E050}.Thunk Debug|x64.Build.0 = Debug|x64
		{9BD47FA5-20F2-4924-8CFD-39CBFA43E050}.Thunk Debug|x86.ActiveCfg = Debug|Win32
		{9BD47FA5-20F2-4924-8CFD-39CBFA43E050}.Thunk Debug|x86.Build.0 = Debug|Win32
		{9BD47FA5-20F2-4924-8CFD-39CBFA43E050}.Thunk Release|Win32.ActiveCfg = Release|Win32
		{9BD47FA5-20F2-4924-8CFD-39CBFA43E050}.Thunk Release|Win32.Build.0 = Release|Win32
		{9BD47FA5-20F2-4924-8CFD-39CBFA43E050}.Thunk Release|x64.ActiveCfg = Release|x64
		{9BD47FA5-20F2-4924-8CFD-39CBFA43E050}.Thunk Release|x64.Build.0 = Release|x64
		{9BD47FA5-20F2-4924-8CFD-39CBFA43E050}.Thunk Release|x86.ActiveCfg = Release|Win32
		{9BD47FA5-20F2-4924-8CFD-39CBFA43E050}.Thunk Release|x86.Build.0 = Release|Win32
		{80FADC43-E542-426C-97C6-F0B99D56852F}.Debug|Win32.ActiveCfg = Static Debug|Win32
		{80FADC43-E542-426C-97C6-F0B99D56852F}.Debug|Win32.Build.0 = Static Debug|Win32
		{80FADC43-E542-426C-97C6-F0B99D56852F}.Debug|x64.ActiveCfg = Thunk Debug|x64
		{80FADC43-E542-426C-97C6-F0B99D56852F}.Debug|x64.Build.0 = Thunk Debug|x64
		{80FADC43-E542-426C-97C6-F0B99D56852F}.Debug|x86.ActiveCfg = Static Debug|Win32
		{80FADC43-E542-426C-97C6-F0B99D56852F}.Debug|x86.Build.0 = Static Debug|Win32
		{80FADC43-E542-426C-97C6-F0B99D56852F}.Release|Win32.ActiveCfg = Static Release|Win32
		{80FADC43-E542-426C-97C6-F0B99D56852F}.Release|Win32.Build.0 = Static Release|Win32
		{80FADC43-E542-426C-97C6-F0B99D56852F}.Release|x64.ActiveCfg = Thunk Release|x64
		{80FADC43-E542-426C-97C6-F0B99D56852F}.Release|x64.Build.0 = Thunk Release|x64
		{80FADC43-E542-426C-97C6-F0B99D56852F}.Release|x86.ActiveCfg = Thunk Release|Win32
		{80FADC43-E542-426C-97C6-F0B99D56852F}.Release|x86.Build.0 = Thunk Release|Win32
		{80FADC43-E542-426C-97C6-F0B99D56852F}.Static Debug|Win32.ActiveCfg = Static Debug|Win32
		{80FADC43-E542-426C-97C6-F0B99D56852F}.Static Debug|Win32.Build.0 = Static Debug|Win32
		{80FADC43-E542-426C-97C6-F0B99D56852F}.Static Debug|x64.ActiveCfg = Static Debug|x64
		{80FADC43-E542-426C-97C6-F0B99D56852F}.Static Debug|x64.Build.0 = Static Debug|x64
		{80FADC43-E542-426C-97C6-F0B99D56852F}.Static Debug|x86.ActiveCfg = Static Debug|Win32
		{80FADC43-E542-426C-97C6-F0B99D56852F}.Static Debug|x86.Build.0 = Static Debug|Win32
		{80FADC43-E542-426C-97C6-F0B99D56852F}.Static Release|Win32.ActiveCfg = Static Release|Win32
		{80FADC43-E542-426C-97C6-F0B99D56852F}.Static Release|Win32.Build.0 = Static Release|Win32
		{80FADC43-E542-426C-97C6-F0B99D56852F}.Static Release|x64.ActiveCfg = Static Release|x64
		{80FADC43-E542-426C-97C6-F0B99D56852F}.Static Release|x64.Build.0 = Static Release|x64
		{80FADC43-E542-426C-97C6-F0B99D56852F}.Static Release|x86.ActiveCfg = Static Release|Win32
		{80FADC43-E542-426C-97C6-F0B99D56852F}.Static Release|x86.Build.0 = Static Release|Win32
		{80FADC43-E542-426C-97C6-F0B99D56852F}.Thunk Debug|Win32.ActiveCfg = Thunk Debug|Win32
		{80FADC43-E542-426C-97C6-F0B99D56852F}.Thunk Debug|Win32.Build.0 = Thunk Debug|Win32
		{80FADC43-E542-426C-97C6-F0B99D56852F}.Thunk Debug|x64.ActiveCfg = Thunk Debug|x64
		{80FADC43-E542-426C-97C6-F0B99D56852F}.Thunk Debug|x64.Build.0 = Thunk Debug|x64
		{80FADC43-E542-426C-97C6-F0B99D56852F}.Thunk Debug|x86.ActiveCfg = Thunk Debug|Win32
		{80FADC43-E542-426C-97C6-F0B99D56852F}.Thunk Debug|x86.Build.0 = Thunk Debug|Win32
		{80FADC43-E542-426C-97C6-F0B99D56852F}.Thunk Release|Win32.ActiveCfg = Thunk Release|Win32
		{80FADC43-E542-426C-97C6-F0B99D56852F}.Thunk Release|Win32.Build.0 = Thunk Release|Win32
		{80FADC43-E542-426C-97C6-F0B99D56852F}.Thunk Release|x64.ActiveCfg = Thunk Release|x64
		{80FADC43-E542-426C-97C6-F0B99D56852F}.Thunk Release|x64.Build.0 = Thunk Release|x64
		{80FADC43-E542-426C-97C6-F0B99D56852F}.Thunk Release|x86.ActiveCfg = Thunk Release|Win32
		{80FADC43-E542-426C-97C6-F0B99D56852F}.Thunk Release|x86.Build.0 = Thunk Release|Win32
		{5FB08F42-FB4A-4991-8249-7B59F7275293}.Debug|Win32.ActiveCfg = Static Debug|Win32
		{5FB08F42-FB4A-4991-8249-7B59F7275293}.Debug|Win32.Build.0 = Static Debug|Win32
		{5FB08F42-FB4A-4991-8249-7B59F7275293}.Debug|x64.ActiveCfg = Static Debug|x64
		{5FB08F42-FB4A-4991-8249-7B59F7275293}.Debug|x64.Build.0 = Static Debug|x64
		{5FB08F42-FB4A-4991-8249-7B59F7275293}.Debug|x86.ActiveCfg = Static Debug|Win32
		{5FB08F42-FB4A-4991-8249-7B59F7275293}.Debug|x86.Build.0 = Static Debug|Win32
		{5FB08F42-FB4A-4991-8249-7B59F7275293}.Release|Win32.ActiveCfg = Static Release|Win32
		{5FB08F42-FB4A-4991-8249-7B59F7275293}.Release|Win32.Build.0 = Static Release|Win32
		{5FB08F42-FB4A-4991-8249-7B59F7275293}.Release|x64.ActiveCfg = Static Release|x64
		{5FB08F42-FB4A-4991-8249-7B59F7275293}.Release|x64.Build.0 = Static Release|x64
		{5FB08F42-FB4A-4991-8249-7B59F7275293}.Release|x86.ActiveCfg = Static Release|Win32
		{5FB08F42-FB4A-4991-8249-7B59F7275293}.Release|x86.Build.0 = Static Release|Win32
		{5FB08F42-FB4A-4991-8249-7B59F7275293}.Static Debug|Win32.ActiveCfg = Static Debug|Win32
		{5FB08F42-FB4A-4991-8249-7B59F7275293}.Static Debug|Win32.Build.0 = Static Debug|Win32
		{5FB08F42-FB4A-4991-8249-7B59F7275293}.Static Debug|x64.ActiveCfg = Static Debug|x64
		{5FB08F42-FB4A-4991-8249-7B59F7275293}.Static Debug|x64.Build.0 = Static Debug|x64
		{5FB08F42-FB4A-4991-8249-7B59F7275293}.Static Debug|x86.ActiveCfg = Static Debug|Win32
		{5FB08F42-FB4A-4991-8249-7B59F7275293}.Static Debug|x86.Build.0 = Static Debug|Win32
		{5FB08F42-FB4A-4991-8249-7B59F7275293}.Static Release|Win32.ActiveCfg = Static Release|Win32
		{5FB08F42-FB4A-4991-8249-7B59F7275293}.Static Release|Win32.Build.0 = Static Release|Win32
		{5FB08F42-FB4A-4991-8249-7B59F7275293}.Static Release|x64.ActiveCfg = Static Release|x64
		{5FB08F42-FB4A-4991-8249-7B59F7275293}.Static Release|x64.Build.0 = Static Release|x64
		{5FB08F42-FB4A-4991-8249-7B59F7275293}.Static Release|x86.ActiveCfg = Static Release|Win32
		{5FB08F42-FB4A-4991-8249-7B59F7275293}.Static Release|x86.Build.0 = Static Release|Win32
		{5FB08F42-FB4A-4991-8249-7B59F7275293}.Thunk Debug|Win32.ActiveCfg = Static Debug|Win32
		{5FB08F42-FB4A-4991-8249-7B59F7275293}.Thunk Debug|Win32.Build.0 = Static Debug|Win32
		{5FB08F42-FB4A-4991-8249-7B59F7275293}.Thunk Debug|x64.ActiveCfg = Static Debug|x64
		{5FB08F42-FB4A-4991-8249-7B59F7275293}.Thunk Debug|x64.Build.0 = Static Debug|x64
		{5FB08F42-FB4A-4991-8249-7B59F7275293}.Thunk Debug|x86.ActiveCfg = Static Debug|Win32
		{5FB08F42-FB4A-4991-8249-7B59F7275293}.Thunk Debug|x86.Build.0 = Static Debug|Win32
		{5FB08F42-FB4A-4991-8249-7B59F7275293}.Thunk Release|Win32.ActiveCfg = Static Debug|Win32
		{5FB08F42-FB4A-4991-8249-7B59F7275293}.Thunk Release|Win32.Build.0 = Static Debug|Win32
		{5FB08F42-FB4A-4991-8249-7B59F7275293}.Thunk Release|x64.ActiveCfg = Static Debug|x64
		{5FB08F42-FB4A-4991-8249-7B59F7275293}.Thunk Release|x64.Build.0 = Static Debug|x64
		{5FB08F42-FB4A-4991-8249-7B59F7275293}.Thunk Release|x86.ActiveCfg = Static Debug|Win32
		{5FB08F42-FB4A-4991-8249-7B59F7275293}.Thunk Release|x86.Build.0 = Static Debug|Win32
		{16410118-6B72-4FFE-87AA-FAED452732AC}.Debug|Win32.ActiveCfg = Static Debug|Win32
		{16410118-6B72-4FFE-87AA-FAED452732AC}.Debug|Win32.Build.0 = Static Debug|Win32
		{16410118-6B72-4FFE-87AA-FAED452732AC}.Debug|x64.ActiveCfg = Static Debug|x64
		{16410118-6B72-4FFE-87AA-FAED452732AC}.Debug|x64.Build.0 = Static Debug|x64
		{16410118-6B72-4FFE-87AA-FAED452732AC}.Debug|x86.ActiveCfg = Static Debug|Win32
		{16410118-6B72-4FFE-87AA-FAED452732AC}.Debug|x86.Build.0 = Static Debug|Win32
		{16410118-6B72-4FFE-87AA-FAED452732AC}.Release|Win32.ActiveCfg = Static Release|Win32
		{16410118-6B72-4FFE-87AA-FAED452732AC}.Release|Win32.Build.0 = Static Release|Win32
		{16410118-6B72-4FFE-87AA-FAED452732AC}.Release|x64.ActiveCfg = Static Release|x64
		{16410118-6B72-4FFE-87AA-FAED452732AC}.Release|x64.Build.0 = Static Release|x64
		{16410118-6B72-4FFE-87AA-FAED452732AC}.Release|x86.ActiveCfg = Static Release|Win32
		{16410118-6B72-4FFE-87AA-FAED452732AC}.Release|x86.Build.0 = Static Release|Win32
		{16410118-6B72-4FFE-87AA-FAED452732AC}.Static Debug|Win32.ActiveCfg = Static Debug|Win32
		{16410118-6B72-4FFE-87AA-FAED452732AC}.Static Debug|Win32.Build.0 = Static Debug|Win32
		{16410118-6B72-4FFE-87AA-FAED452732AC}.Static Debug|x64.ActiveCfg = Static Debug|x64
		{16410118-6B72-4FFE-87AA-FAED452732AC}.Static Debug|x64.Build.0 = Static Debug|x64
		{16410118-6B72-4FFE-87AA-FAED452732AC}.Static Debug|x86.ActiveCfg = Static Debug|Win32
		{16410118-6B72-4FFE-87AA-FAED452732AC}.Static Debug|x86.Build.0 = Static Debug|Win32
		{16410118-6B72-4FFE-87AA-FAED452732AC}.Static Release|Win32.ActiveCfg = Static Release|Win32
		{16410118-6B72-4FFE-87AA-FAED452732AC}.Static Release|Win32.Build.0 = Static Release|Win32
		{16410118-6B72-4FFE-87AA-FAED452732AC}.Static Release|x64.ActiveCfg = Static Release|x64
		{16410118-6B72-4FFE-87AA-FAED452732AC}.Static Release|x64.Build.0 = Static Release|x64
		{16410118-6B72-4FFE-87AA-FAED452732AC}.Static Release|x86.ActiveCfg = Static Release|Win32
		{16410118-6B72-4FFE-87AA-FAED452732AC}.Static Release|x86.Build.0 = Static Release|Win32
		{16410118-6B72-4FFE-87AA-FAED452732AC}.Thunk Debug|Win32.ActiveCfg = Static Debug|Win32
		{16410118-6B72-4FFE-87AA-FAED452732AC}.Thunk Debug|Win32.Build.0 = Static Debug|Win32
		{16410118-6B72-4FFE-87AA-FAED452732AC}.Thunk Debug|x64.ActiveCfg = Static Debug|x64
		{16410118-6B72-4FFE-87AA-FAED452732AC}.Thunk Debug|x64.Build.0 = Static Debug|x64
		{16410118-6B72-4FFE-87AA-FAED452732AC}.Thunk Debug|x86.ActiveCfg = Static Debug|Win32
		{16410118-6B72-4FFE-87AA-FAED452732AC}.Thunk Debug|x86.Build.0 = Static Debug|Win32
		{16410118-6B72-4FFE-87AA-FAED452732AC}.Thunk Release|Win32.ActiveCfg = Static Debug|Win32
		{16410118-6B72-4FFE-87AA-FAED452732AC}.Thunk Release|Win32.Build.0 = Static Debug|Win32
		{16410118-6B72-4FFE-87AA-FAED452732AC}.Thunk Release|x64.ActiveCfg = Static Debug|x64
		{16410118-6B72-4FFE-87AA-FAED452732AC}.Thunk Release|x64.Build.0 = Static Debug|x64
		{16410118-6B72-4FFE-87AA-FAED452732AC}.Thunk Release|x86.ActiveCfg = Static Debug|Win32
		{16410118-6B72-4FFE-87AA-FAED452732AC}.Thunk Release|x86.Build.0 = Static Debug|Win32
	EndGlobalSection
	GlobalSection(SolutionProperties) = preSolution
		HideSolutionNode = FALSE
	EndGlobalSection
	GlobalSection(ExtensibilityGlobals) = postSolution
		SolutionGuid = {0BD53383-8332-453A-B30C-36832CA758C6}
	EndGlobalSection
EndGlobal
