<?xml version="1.0" encoding="utf-8"?>
<Project ToolsVersion="4.0" xmlns="http://schemas.microsoft.com/developer/msbuild/2003">
  <ItemGroup>
    <Filter Include="Source Files">
      <UniqueIdentifier>{4FC737F1-C7A5-4376-A066-2A32D752A2FF}</UniqueIdentifier>
      <Extensions>cpp;c;cxx;def;odl;idl;hpj;bat;asm;asmx</Extensions>
    </Filter>
    <Filter Include="Header Files">
      <UniqueIdentifier>{93995380-89BD-4b04-88EB-625FBE52EBFB}</UniqueIdentifier>
      <Extensions>h;hpp;hxx;hm;inl;inc;xsd</Extensions>
    </Filter>
    <Filter Include="Resource Files">
      <UniqueIdentifier>{67DA6AB6-F800-4c08-8B7A-83BB121AAD01}</UniqueIdentifier>
      <Extensions>rc;ico;cur;bmp;dlg;rc2;rct;bin;rgs;gif;jpg;jpeg;jpe;resx</Extensions>
    </Filter>
  </ItemGroup>
  <ItemGroup>
    <ClCompile Include="lbmonitor.cpp">
      <Filter>Source Files</Filter>
    </ClCompile>
    <ClCompile Include="ps.cpp">
      <Filter>Source Files</Filter>
    </ClCompile>
    <ClCompile Include="smtask.cpp">
      <Filter>Source Files</Filter>
    </ClCompile>
    <ClCompile Include="stdafx.cpp">
      <Filter>Source Files</Filter>
    </ClCompile>
    <ClCompile Include="wsconports.cpp">
      <Filter>Source Files</Filter>
    </ClCompile>
    <ClCompile Include="wsencrypt.cpp">
      <Filter>Source Files</Filter>
    </ClCompile>
    <ClCompile Include="wsfileports.cpp">
      <Filter>Source Files</Filter>
    </ClCompile>
    <ClCompile Include="wsgdports.cpp">
      <Filter>Source Files</Filter>
    </ClCompile>
    <ClCompile Include="wsiocp.cpp">
      <Filter>Source Files</Filter>
    </ClCompile>
    <ClCompile Include="wslog.cpp">
      <Filter>Source Files</Filter>
    </ClCompile>
    <ClCompile Include="wsloops.cpp">
      <Filter>Source Files</Filter>
    </ClCompile>
    <ClCompile Include="wsmcast.cpp">
      <Filter>Source Files</Filter>
    </ClCompile>
    <ClCompile Include="wsmonitor.cpp">
      <Filter>Source Files</Filter>
    </ClCompile>
    <ClCompile Include="wsockshost.cpp">
      <Filter>Source Files</Filter>
    </ClCompile>
    <ClCompile Include="wsocksthread.cpp">
      <Filter>Source Files</Filter>
    </ClCompile>
    <ClCompile Include="wsotherports.cpp">
      <Filter>Source Files</Filter>
    </ClCompile>
    <ClCompile Include="wsotpp.cpp">
      <Filter>Source Files</Filter>
    </ClCompile>
    <ClCompile Include="wsrecord.cpp">
      <Filter>Source Files</Filter>
    </ClCompile>
    <ClCompile Include="wssocks5.cpp">
      <Filter>Source Files</Filter>
    </ClCompile>
    <ClCompile Include="wsusrports.cpp">
      <Filter>Source Files</Filter>
    </ClCompile>
    <ClCompile Include="smcmds.cpp">
      <Filter>Source Files</Filter>
    </ClCompile>
    <ClCompile Include="SSLGateway.cpp">
      <Filter>Source Files</Filter>
    </ClCompile>
  </ItemGroup>
  <ItemGroup>
    <ClInclude Include="lbmonitor.h">
      <Filter>Header Files</Filter>
    </ClInclude>
    <ClInclude Include="ps.h">
      <Filter>Header Files</Filter>
    </ClInclude>
    <ClInclude Include="Resource.h">
      <Filter>Header Files</Filter>
    </ClInclude>
    <ClInclude Include="smtask.h">
      <Filter>Header Files</Filter>
    </ClInclude>
    <ClInclude Include="stdafx.h">
      <Filter>Header Files</Filter>
    </ClInclude>
    <ClInclude Include="wsockshostimpl.h">
      <Filter>Header Files</Filter>
    </ClInclude>
    <ClInclude Include="wsocksimpl.h">
      <Filter>Header Files</Filter>
    </ClInclude>
    <ClInclude Include="wsportimpl.h">
      <Filter>Header Files</Filter>
    </ClInclude>
    <ClInclude Include="smcmds.h">
      <Filter>Header Files</Filter>
    </ClInclude>
    <ClInclude Include="SSLGateway.h">
      <Filter>Header Files</Filter>
    </ClInclude>
  </ItemGroup>
  <ItemGroup>
    <ResourceCompile Include="wsockshost.rc">
      <Filter>Resource Files</Filter>
    </ResourceCompile>
  </ItemGroup>
  <ItemGroup>
    <None Include="ReadMe.txt" />
  </ItemGroup>
  <ItemGroup>
    <CustomBuildStep Include="res\wsockshost.rc2">
      <Filter>Resource Files</Filter>
    </CustomBuildStep>
  </ItemGroup>
</Project>